
Microsoft Visual Studio Solution File, Format Version 12.00
# Visual Studio Version 17
VisualStudioVersion = 17.9.34701.34
MinimumVisualStudioVersion = 10.0.40219.1
Project("{2150E333-8FDC-42A3-9474-1A3956D46DE8}") = "Src", "Src", "{EF0B44EE-899B-4169-8387-C4F82CD4E0B7}"
EndProject
Project("{FAE04EC0-301F-11D3-BF4B-00C04F79EFBC}") = "UI", "UI\UI.csproj", "{C7CC1EDC-93B1-49AF-A4E7-304EA8C0F73E}"
EndProject
Project("{FAE04EC0-301F-11D3-BF4B-00C04F79EFBC}") = "Application", "Application\Application.csproj", "{6D34BC67-1B67-4E97-BD85-1913CBF64EAA}"
EndProject
Project("{FAE04EC0-301F-11D3-BF4B-00C04F79EFBC}") = "Infrastructure", "Infrastructure\Infrastructure.csproj", "{64FC83BB-480D-45FB-9634-C39783A73E8B}"
EndProject
Project("{FAE04EC0-301F-11D3-BF4B-00C04F79EFBC}") = "Domain", "Domain\Domain.csproj", "{9549DF97-7BB2-4642-8FE0-E953C7589315}"
EndProject
Global
	GlobalSection(SolutionConfigurationPlatforms) = preSolution
		Debug|Any CPU = Debug|Any CPU
		Release|Any CPU = Release|Any CPU
	EndGlobalSection
	GlobalSection(ProjectConfigurationPlatforms) = postSolution
		{C7CC1EDC-93B1-49AF-A4E7-304EA8C0F73E}.Debug|Any CPU.ActiveCfg = Debug|Any CPU
		{C7CC1EDC-93B1-49AF-A4E7-304EA8C0F73E}.Debug|Any CPU.Build.0 = Debug|Any CPU
		{C7CC1EDC-93B1-49AF-A4E7-304EA8C0F73E}.Release|Any CPU.ActiveCfg = Release|Any CPU
		{C7CC1EDC-93B1-49AF-A4E7-304EA8C0F73E}.Release|Any CPU.Build.0 = Release|Any CPU
		{6D34BC67-1B67-4E97-BD85-1913CBF64EAA}.Debug|Any CPU.ActiveCfg = Debug|Any CPU
		{6D34BC67-1B67-4E97-BD85-1913CBF64EAA}.Debug|Any CPU.Build.0 = Debug|Any CPU
		{6D34BC67-1B67-4E97-BD85-1913CBF64EAA}.Release|Any CPU.ActiveCfg = Release|Any CPU
		{6D34BC67-1B67-4E97-BD85-1913CBF64EAA}.Release|Any CPU.Build.0 = Release|Any CPU
		{64FC83BB-480D-45FB-9634-C39783A73E8B}.Debug|Any CPU.ActiveCfg = Debug|Any CPU
		{64FC83BB-480D-45FB-9634-C39783A73E8B}.Debug|Any CPU.Build.0 = Debug|Any CPU
		{64FC83BB-480D-45FB-9634-C39783A73E8B}.Release|Any CPU.ActiveCfg = Release|Any CPU
		{64FC83BB-480D-45FB-9634-C39783A73E8B}.Release|Any CPU.Build.0 = Release|Any CPU
		{9549DF97-7BB2-4642-8FE0-E953C7589315}.Debug|Any CPU.ActiveCfg = Debug|Any CPU
		{9549DF97-7BB2-4642-8FE0-E953C7589315}.Debug|Any CPU.Build.0 = Debug|Any CPU
		{9549DF97-7BB2-4642-8FE0-E953C7589315}.Release|Any CPU.ActiveCfg = Release|Any CPU
		{9549DF97-7BB2-4642-8FE0-E953C7589315}.Release|Any CPU.Build.0 = Release|Any CPU
	EndGlobalSection
	GlobalSection(SolutionProperties) = preSolution
		HideSolutionNode = FALSE
	EndGlobalSection
	GlobalSection(NestedProjects) = preSolution
		{C7CC1EDC-93B1-49AF-A4E7-304EA8C0F73E} = {EF0B44EE-899B-4169-8387-C4F82CD4E0B7}
		{6D34BC67-1B67-4E97-BD85-1913CBF64EAA} = {EF0B44EE-899B-4169-8387-C4F82CD4E0B7}
		{64FC83BB-480D-45FB-9634-C39783A73E8B} = {EF0B44EE-899B-4169-8387-C4F82CD4E0B7}
		{9549DF97-7BB2-4642-8FE0-E953C7589315} = {EF0B44EE-899B-4169-8387-C4F82CD4E0B7}
	EndGlobalSection
	GlobalSection(ExtensibilityGlobals) = postSolution
		SolutionGuid = {8382B31E-1CEC-49A5-B8C8-AF7433276778}
	EndGlobalSection
EndGlobal
